dependencies:
- name: mysql
  repository: https://kubernetes-charts.storage.googleapis.com/
  version: 0.15.0
- name: mongodb
  repository: https://kubernetes-charts.storage.googleapis.com/
  version: 5.14.2
- name: rserver
  repository: https://registry.molgenis.org/repository/helm
  version: 1.0.0
digest: sha256:12564b62f7c04dbbbbc2e2a8b62f98d79f2381811928e2332fd582472d388eac
generated: 2019-04-01T11:35:56.741406648+02:00
