dependencies:
- name: mysql
  repository: https://kubernetes-charts.storage.googleapis.com/
  version: 1.6.2
- name: mongodb
  repository: https://kubernetes-charts.storage.googleapis.com/
  version: 7.8.6
- name: rserver
  repository: https://registry.molgenis.org/repository/helm
  version: 1.3.0
digest: sha256:879c1d8484219c029a480e3efa047091e666ab6e20da86069cf1acaa9edc3e8e
generated: "2020-02-28T16:20:27.381709+01:00"
